
Microsoft Visual Studio Solution File, Format Version 12.00
# Visual Studio Version 16
VisualStudioVersion = 16.0.31005.135
MinimumVisualStudioVersion = 10.0.40219.1
Project("{FAE04EC0-301F-11D3-BF4B-00C04F79EFBC}") = "WcfServiceLibrary", "WcfServiceLibrary\WcfServiceLibrary.csproj", "{353D7847-3ED8-4F10-9620-64CDE1AF9AE5}"
EndProject
Global
	GlobalSection(SolutionConfigurationPlatforms) = preSolution
		Debug|Any CPU = Debug|Any CPU
		Release|Any CPU = Release|Any CPU
	EndGlobalSection
	GlobalSection(ProjectConfigurationPlatforms) = postSolution
		{353D7847-3ED8-4F10-9620-64CDE1AF9AE5}.Debug|Any CPU.ActiveCfg = Debug|Any CPU
		{353D7847-3ED8-4F10-9620-64CDE1AF9AE5}.Debug|Any CPU.Build.0 = Debug|Any CPU
		{353D7847-3ED8-4F10-9620-64CDE1AF9AE5}.Release|Any CPU.ActiveCfg = Release|Any CPU
		{353D7847-3ED8-4F10-9620-64CDE1AF9AE5}.Release|Any CPU.Build.0 = Release|Any CPU
	EndGlobalSection
	GlobalSection(SolutionProperties) = preSolution
		HideSolutionNode = FALSE
	EndGlobalSection
	GlobalSection(ExtensibilityGlobals) = postSolution
		SolutionGuid = {BA40FD5F-2787-47E8-B425-A4FCF5A8BAFA}
	EndGlobalSection
EndGlobal
